
Microsoft Visual Studio Solution File, Format Version 12.00
# Visual Studio 2013
VisualStudioVersion = 12.0.40629.0
MinimumVisualStudioVersion = 10.0.40219.1
Project("{FAE04EC0-301F-11D3-BF4B-00C04F79EFBC}") = "Atividade 9", "Atividade 9\Atividade 9.csproj", "{F8E43312-3CC4-4299-A7E6-39F28C7CB36D}"
EndProject
Global
	GlobalSection(SolutionConfigurationPlatforms) = preSolution
		Debug|Any CPU = Debug|Any CPU
		Release|Any CPU = Release|Any CPU
	EndGlobalSection
	GlobalSection(ProjectConfigurationPlatforms) = postSolution
		{F8E43312-3CC4-4299-A7E6-39F28C7CB36D}.Debug|Any CPU.ActiveCfg = Debug|Any CPU
		{F8E43312-3CC4-4299-A7E6-39F28C7CB36D}.Debug|Any CPU.Build.0 = Debug|Any CPU
		{F8E43312-3CC4-4299-A7E6-39F28C7CB36D}.Release|Any CPU.ActiveCfg = Release|Any CPU
		{F8E43312-3CC4-4299-A7E6-39F28C7CB36D}.Release|Any CPU.Build.0 = Release|Any CPU
	EndGlobalSection
	GlobalSection(SolutionProperties) = preSolution
		HideSolutionNode = FALSE
	EndGlobalSection
EndGlobal
